
Microsoft Visual Studio Solution File, Format Version 12.00
# Visual Studio Version 16
VisualStudioVersion = 16.0.33027.164
MinimumVisualStudioVersion = 10.0.40219.1
Project("{8BC9CEB8-8B4A-11D0-8D11-00A0C91BC942}") = "Projekt zaliczeniowy Mariusz Puto studia podyplomowe", "Projekt zaliczeniowy Mariusz Puto studia podyplomowe.vcxproj", "{87AD10DE-294C-486F-8B8E-34744A933DA0}"
EndProject
Global
	GlobalSection(SolutionConfigurationPlatforms) = preSolution
		Debug|x64 = Debug|x64
		Debug|x86 = Debug|x86
		Release|x64 = Release|x64
		Release|x86 = Release|x86
	EndGlobalSection
	GlobalSection(ProjectConfigurationPlatforms) = postSolution
		{87AD10DE-294C-486F-8B8E-34744A933DA0}.Debug|x64.ActiveCfg = Debug|x64
		{87AD10DE-294C-486F-8B8E-34744A933DA0}.Debug|x64.Build.0 = Debug|x64
		{87AD10DE-294C-486F-8B8E-34744A933DA0}.Debug|x86.ActiveCfg = Debug|Win32
		{87AD10DE-294C-486F-8B8E-34744A933DA0}.Debug|x86.Build.0 = Debug|Win32
		{87AD10DE-294C-486F-8B8E-34744A933DA0}.Release|x64.ActiveCfg = Release|x64
		{87AD10DE-294C-486F-8B8E-34744A933DA0}.Release|x64.Build.0 = Release|x64
		{87AD10DE-294C-486F-8B8E-34744A933DA0}.Release|x86.ActiveCfg = Release|Win32
		{87AD10DE-294C-486F-8B8E-34744A933DA0}.Release|x86.Build.0 = Release|Win32
	EndGlobalSection
	GlobalSection(SolutionProperties) = preSolution
		HideSolutionNode = FALSE
	EndGlobalSection
	GlobalSection(ExtensibilityGlobals) = postSolution
		SolutionGuid = {E0501443-0474-4F6F-A34C-290DB4965035}
	EndGlobalSection
EndGlobal
